
Microsoft Visual Studio Solution File, Format Version 12.00
# Visual Studio 15
VisualStudioVersion = 15.0.27130.2024
MinimumVisualStudioVersion = 10.0.40219.1
Project("{8BC9CEB8-8B4A-11D0-8D11-00A0C91BC942}") = "lab01", "lab01\lab01.vcxproj", "{09AF0D91-F5D9-4E58-836E-361CBA19CF84}"
EndProject
Global
	GlobalSection(SolutionConfigurationPlatforms) = preSolution
		Debug|x64 = Debug|x64
		Debug|x86 = Debug|x86
		Release|x64 = Release|x64
		Release|x86 = Release|x86
	EndGlobalSection
	GlobalSection(ProjectConfigurationPlatforms) = postSolution
		{09AF0D91-F5D9-4E58-836E-361CBA19CF84}.Debug|x64.ActiveCfg = Debug|x64
		{09AF0D91-F5D9-4E58-836E-361CBA19CF84}.Debug|x64.Build.0 = Debug|x64
		{09AF0D91-F5D9-4E58-836E-361CBA19CF84}.Debug|x86.ActiveCfg = Debug|Win32
		{09AF0D91-F5D9-4E58-836E-361CBA19CF84}.Debug|x86.Build.0 = Debug|Win32
		{09AF0D91-F5D9-4E58-836E-361CBA19CF84}.Release|x64.ActiveCfg = Release|x64
		{09AF0D91-F5D9-4E58-836E-361CBA19CF84}.Release|x64.Build.0 = Release|x64
		{09AF0D91-F5D9-4E58-836E-361CBA19CF84}.Release|x86.ActiveCfg = Release|Win32
		{09AF0D91-F5D9-4E58-836E-361CBA19CF84}.Release|x86.Build.0 = Release|Win32
	EndGlobalSection
	GlobalSection(SolutionProperties) = preSolution
		HideSolutionNode = FALSE
	EndGlobalSection
	GlobalSection(ExtensibilityGlobals) = postSolution
		SolutionGuid = {141E8BC5-42A8-441B-8FAB-F4F50BBB931A}
	EndGlobalSection
EndGlobal
